
Microsoft Visual Studio Solution File, Format Version 12.00
# Visual Studio Version 16
VisualStudioVersion = 16.0.30804.86
MinimumVisualStudioVersion = 10.0.40219.1
Project("{9092AA53-FB77-4645-B42D-1CCCA6BD08BD}") = "BurgerBuilder", "BurgerBuilder.njsproj", "{B50D1457-C8F3-47CC-8773-E695BAACE32E}"
EndProject
Global
	GlobalSection(SolutionConfigurationPlatforms) = preSolution
		Debug|Any CPU = Debug|Any CPU
		Release|Any CPU = Release|Any CPU
	EndGlobalSection
	GlobalSection(ProjectConfigurationPlatforms) = postSolution
		{B50D1457-C8F3-47CC-8773-E695BAACE32E}.Debug|Any CPU.ActiveCfg = Debug|Any CPU
		{B50D1457-C8F3-47CC-8773-E695BAACE32E}.Debug|Any CPU.Build.0 = Debug|Any CPU
		{B50D1457-C8F3-47CC-8773-E695BAACE32E}.Release|Any CPU.ActiveCfg = Release|Any CPU
		{B50D1457-C8F3-47CC-8773-E695BAACE32E}.Release|Any CPU.Build.0 = Release|Any CPU
	EndGlobalSection
	GlobalSection(SolutionProperties) = preSolution
		HideSolutionNode = FALSE
	EndGlobalSection
	GlobalSection(ExtensibilityGlobals) = postSolution
		SolutionGuid = {C50C96F8-9048-4DDB-96F1-2D5214844F52}
	EndGlobalSection
EndGlobal
